
Microsoft Visual Studio Solution File, Format Version 12.00
# Visual Studio 14
VisualStudioVersion = 14.0.23107.0
MinimumVisualStudioVersion = 10.0.40219.1
Project("{FAE04EC0-301F-11D3-BF4B-00C04F79EFBC}") = "jsxbin_to_jsx", "jsxbin_to_jsx\jsxbin_to_jsx.csproj", "{7AD7C7B3-32F0-4426-A1A5-A647FDB523C1}"
EndProject
Project("{FAE04EC0-301F-11D3-BF4B-00C04F79EFBC}") = "jsxbin_to_jsx.Tests", "jsxbin_to_jsx.Tests\jsxbin_to_jsx.Tests.csproj", "{40CE5B7D-7A83-4EBF-A73E-5F5E92999900}"
EndProject
Global
	GlobalSection(SolutionConfigurationPlatforms) = preSolution
		Debug|Any CPU = Debug|Any CPU
		Release|Any CPU = Release|Any CPU
	EndGlobalSection
	GlobalSection(ProjectConfigurationPlatforms) = postSolution
		{7AD7C7B3-32F0-4426-A1A5-A647FDB523C1}.Debug|Any CPU.ActiveCfg = Debug|Any CPU
		{7AD7C7B3-32F0-4426-A1A5-A647FDB523C1}.Debug|Any CPU.Build.0 = Debug|Any CPU
		{7AD7C7B3-32F0-4426-A1A5-A647FDB523C1}.Release|Any CPU.ActiveCfg = Release|Any CPU
		{7AD7C7B3-32F0-4426-A1A5-A647FDB523C1}.Release|Any CPU.Build.0 = Release|Any CPU
		{40CE5B7D-7A83-4EBF-A73E-5F5E92999900}.Debug|Any CPU.ActiveCfg = Debug|Any CPU
		{40CE5B7D-7A83-4EBF-A73E-5F5E92999900}.Debug|Any CPU.Build.0 = Debug|Any CPU
		{40CE5B7D-7A83-4EBF-A73E-5F5E92999900}.Release|Any CPU.ActiveCfg = Release|Any CPU
		{40CE5B7D-7A83-4EBF-A73E-5F5E92999900}.Release|Any CPU.Build.0 = Release|Any CPU
	EndGlobalSection
	GlobalSection(SolutionProperties) = preSolution
		HideSolutionNode = FALSE
	EndGlobalSection
EndGlobal
